PATH
  remote: .
  specs:
    marlens-jira-api (0.5.2)
      base64 (~> 0.2)
      commonmarker (~> 2.8)
      fastimage (~> 2.4)
      multipart-post (~> 2.4)

GEM
  remote: https://rubygems.org/
  specs:
    base64 (0.3.0)
    commonmarker (2.8.3-aarch64-linux)
    commonmarker (2.8.3-aarch64-linux-musl)
    commonmarker (2.8.3-arm-linux)
    commonmarker (2.8.3-arm64-darwin)
    commonmarker (2.8.3-x86_64-darwin)
    commonmarker (2.8.3-x86_64-linux)
    commonmarker (2.8.3-x86_64-linux-musl)
    diff-lcs (1.6.2)
    fastimage (2.4.1)
    multipart-post (2.4.1)
    rspec (3.13.2)
      rspec-core (~> 3.13.0)
      rspec-expectations (~> 3.13.0)
      rspec-mocks (~> 3.13.0)
    rspec-core (3.13.6)
      rspec-support (~> 3.13.0)
    rspec-expectations (3.13.5)
      diff-lcs (>= 1.2.0, < 2.0)
      rspec-support (~> 3.13.0)
    rspec-mocks (3.13.8)
      diff-lcs (>= 1.2.0, < 2.0)
      rspec-support (~> 3.13.0)
    rspec-support (3.13.7)

PLATFORMS
  aarch64-linux
  aarch64-linux-musl
  arm-linux
  arm64-darwin
  x86_64-darwin
  x86_64-linux
  x86_64-linux-musl

DEPENDENCIES
  marlens-jira-api!
  rspec (~> 3.13)

CHECKSUMS
  base64 (0.3.0) sha256=27337aeabad6ffae05c265c450490628ef3ebd4b67be58257393227588f5a97b
  commonmarker (2.8.3-aarch64-linux) sha256=e1dc00363acc6795cdbf4f5131d9daef4e3ca08102f9a7577ea47d9ba4d4b7d6
  commonmarker (2.8.3-aarch64-linux-musl) sha256=362302bf9b7520e9c0527f4c1a428c6c14d530361b982ae86ad670c29a2cb0dc
  commonmarker (2.8.3-arm-linux) sha256=63903a4d8cd82b6681e88f2bdf6df7d51d0a241009a80fdc7ac6cf9c784f6cab
  commonmarker (2.8.3-arm64-darwin) sha256=ee2e8b00530f7c95acdee7717d8c47f419f3eab78127ea0ef19b6739a148d5ba
  commonmarker (2.8.3-x86_64-darwin) sha256=8ecfee9d2c4768b9f66eafcf9fba82b91495f90f7d4242d0a85f6266684591f3
  commonmarker (2.8.3-x86_64-linux) sha256=8b78d99ed454346a488988b2ac530e88a98b44f116fb9db19a5b2d5c46c67f83
  commonmarker (2.8.3-x86_64-linux-musl) sha256=0a42f71205697edf8a488b50b6209b9cee882c39f8b18ac0a323be83ff17b250
  diff-lcs (1.6.2) sha256=9ae0d2cba7d4df3075fe8cd8602a8604993efc0dfa934cff568969efb1909962
  fastimage (2.4.1) sha256=c64bebd46b6fd8943ab70c1e6e85ff728f970f2e48f92ecd249b6bc3a540ad20
  marlens-jira-api (0.5.2)
  multipart-post (2.4.1) sha256=9872d03a8e552020ca096adadbf5e3cb1cd1cdd6acd3c161136b8a5737cdb4a8
  rspec (3.13.2) sha256=206284a08ad798e61f86d7ca3e376718d52c0bc944626b2349266f239f820587
  rspec-core (3.13.6) sha256=a8823c6411667b60a8bca135364351dda34cd55e44ff94c4be4633b37d828b2d
  rspec-expectations (3.13.5) sha256=33a4d3a1d95060aea4c94e9f237030a8f9eae5615e9bd85718fe3a09e4b58836
  rspec-mocks (3.13.8) sha256=086ad3d3d17533f4237643de0b5c42f04b66348c28bf6b9c2d3f4a3b01af1d47
  rspec-support (3.13.7) sha256=0640e5570872aafefd79867901deeeeb40b0c9875a36b983d85f54fb7381c47c

BUNDLED WITH
  4.0.10
