PATH
  remote: .
  specs:
    klondikemarlen-jira-api (0.1.0)
      commonmarker (~> 2.8)
      fastimage (~> 2.4)
      multipart-post (~> 2.4)

GEM
  remote: https://rubygems.org/
  specs:
    commonmarker (2.8.3-aarch64-linux)
    commonmarker (2.8.3-aarch64-linux-musl)
    commonmarker (2.8.3-arm-linux)
    commonmarker (2.8.3-arm64-darwin)
    commonmarker (2.8.3-x86_64-darwin)
    commonmarker (2.8.3-x86_64-linux)
    commonmarker (2.8.3-x86_64-linux-musl)
    fastimage (2.4.1)
    minitest (5.27.0)
    multipart-post (2.4.1)

PLATFORMS
  aarch64-linux
  aarch64-linux-musl
  arm-linux
  arm64-darwin
  x86_64-darwin
  x86_64-linux
  x86_64-linux-musl

DEPENDENCIES
  klondikemarlen-jira-api!
  minitest (~> 5.25)

CHECKSUMS
  commonmarker (2.8.3-aarch64-linux) sha256=e1dc00363acc6795cdbf4f5131d9daef4e3ca08102f9a7577ea47d9ba4d4b7d6
  commonmarker (2.8.3-aarch64-linux-musl) sha256=362302bf9b7520e9c0527f4c1a428c6c14d530361b982ae86ad670c29a2cb0dc
  commonmarker (2.8.3-arm-linux) sha256=63903a4d8cd82b6681e88f2bdf6df7d51d0a241009a80fdc7ac6cf9c784f6cab
  commonmarker (2.8.3-arm64-darwin) sha256=ee2e8b00530f7c95acdee7717d8c47f419f3eab78127ea0ef19b6739a148d5ba
  commonmarker (2.8.3-x86_64-darwin) sha256=8ecfee9d2c4768b9f66eafcf9fba82b91495f90f7d4242d0a85f6266684591f3
  commonmarker (2.8.3-x86_64-linux) sha256=8b78d99ed454346a488988b2ac530e88a98b44f116fb9db19a5b2d5c46c67f83
  commonmarker (2.8.3-x86_64-linux-musl) sha256=0a42f71205697edf8a488b50b6209b9cee882c39f8b18ac0a323be83ff17b250
  fastimage (2.4.1) sha256=c64bebd46b6fd8943ab70c1e6e85ff728f970f2e48f92ecd249b6bc3a540ad20
  klondikemarlen-jira-api (0.1.0)
  minitest (5.27.0) sha256=2d3b17f8a36fe7801c1adcffdbc38233b938eb0b4966e97a6739055a45fa77d5
  multipart-post (2.4.1) sha256=9872d03a8e552020ca096adadbf5e3cb1cd1cdd6acd3c161136b8a5737cdb4a8

BUNDLED WITH
  4.0.10
